{
  "name": "apache-nifi",
  "requires": true,
  "lockfileVersion": 1,
  "dependencies": {
    "JSON2": {
      "version": "0.1.0",
      "resolved": "https://registry.npmjs.org/JSON2/-/JSON2-0.1.0.tgz",
      "integrity": "sha1-jXSTBApj1YNa919H3suDq2yMB5A="
    },
    "JSV": {
      "version": "4.0.2",
      "resolved": "https://registry.npmjs.org/JSV/-/JSV-4.0.2.tgz",
      "integrity": "sha1-0Hf2glVx+CEy+d/67Vh7QCn+/1c="
    },
    "angular": {
      "version": "1.8.0",
      "resolved": "https://registry.npmjs.org/angular/-/angular-1.8.0.tgz",
      "integrity": "sha512-VdaMx+Qk0Skla7B5gw77a8hzlcOakwF8mjlW13DpIWIDlfqwAbSSLfd8N/qZnzEmQF4jC4iofInd3gE7vL8ZZg=="
    },
    "angular-animate": {
      "version": "1.7.9",
      "resolved": "https://registry.npmjs.org/angular-animate/-/angular-animate-1.7.9.tgz",
      "integrity": "sha512-fV+AISy/HTzurQH2ngsJg+lLIvfu0ahc1h4AYKauaXVw97rZc2k4iUA1bMstiEyClsdayQX568kjQc1NK+oYhw=="
    },
    "angular-aria": {
      "version": "1.7.9",
      "resolved": "https://registry.npmjs.org/angular-aria/-/angular-aria-1.7.9.tgz",
      "integrity": "sha512-luI3Jemd1AbOQW0krdzfEG3fM0IFtLY0bSSqIDEx3POE0XjKIC1MkrO8Csyq9PPgueLphyAPofzUwZ8YeZ88SA=="
    },
    "angular-material": {
      "version": "1.1.10",
      "resolved": "https://registry.npmjs.org/angular-material/-/angular-material-1.1.10.tgz",
      "integrity": "sha512-LfBt5a1AVPbtsFzbmAyyZj90Gtc1U94OGtfMEauGzwsfqTnbH/y/9dtndH84N9S65wXkBoBe3VG6kfyoQSeCVw=="
    },
    "angular-messages": {
      "version": "1.7.9",
      "resolved": "https://registry.npmjs.org/angular-messages/-/angular-messages-1.7.9.tgz",
      "integrity": "sha512-OdJihuO6AW+m1/r9OdW5riCwacn3dL1agQvgu6Cww3a7OARXXN0vxOpsZCNk4yg4CuD7Et3tiz4DymhvZkydvw=="
    },
    "angular-mocks": {
      "version": "1.7.9",
      "resolved": "https://registry.npmjs.org/angular-mocks/-/angular-mocks-1.7.9.tgz",
      "integrity": "sha512-LQRqqiV3sZ7NTHBnNmLT0bXtE5e81t97+hkJ56oU0k3dqKv1s6F+nBWRlOVzqHWPGFOiPS8ZJVdrS8DFzHyNIA=="
    },
    "angular-resource": {
      "version": "1.7.9",
      "resolved": "https://registry.npmjs.org/angular-resource/-/angular-resource-1.7.9.tgz",
      "integrity": "sha512-rXXhCE2qT31Pn4Sl+2XL+ntv4zxnA2OzY+clCl8/pOp/s/gIzxpQlEtXipo3QK8Qur3glbIkeF/bJw+gjVAdUw=="
    },
    "angular-route": {
      "version": "1.7.9",
      "resolved": "https://registry.npmjs.org/angular-route/-/angular-route-1.7.9.tgz",
      "integrity": "sha512-vRoj5hzdQtWbODhWJqDzD1iNOEfCKshO6GFBuPVV7RHlPjzIc4R2dHCc7Qiv/8F3LDxJDohc6vSnTDMLHuaqeA=="
    },
    "angular-sanitize": {
      "version": "1.7.9",
      "resolved": "https://registry.npmjs.org/angular-sanitize/-/angular-sanitize-1.7.9.tgz",
      "integrity": "sha512-nB/xe7JQWF9nLvhHommAICQ3eWrfRETo0EVGFESi952CDzDa+GAJ/2BFBNw44QqQPxj1Xua/uYKrbLsOGWZdbQ=="
    },
    "ansi-styles": {
      "version": "1.0.0",
      "resolved": "https://registry.npmjs.org/ansi-styles/-/ansi-styles-1.0.0.tgz",
      "integrity": "sha1-yxAt8cVvUSPquLZ817mAJ6AnkXg="
    },
    "chalk": {
      "version": "0.4.0",
      "resolved": "https://registry.npmjs.org/chalk/-/chalk-0.4.0.tgz",
      "integrity": "sha1-UZmj3c0MHv4jvAjBsCewYXbgxk8=",
      "requires": {
        "ansi-styles": "~1.0.0",
        "has-color": "~0.1.0",
        "strip-ansi": "~0.1.0"
      }
    },
    "commander": {
      "version": "7.2.0",
      "resolved": "https://registry.npmjs.org/commander/-/commander-7.2.0.tgz",
      "integrity": "sha512-QrWXB+ZQSVPmIWIhtEO9H+gwHaMGYiF5ChvoJ+K9ZGHG/sVsa6yiesAD1GC/x46sET00Xlwo1u49RVVVzvcSkw=="
    },
    "d3": {
      "version": "7.0.0",
      "resolved": "https://registry.npmjs.org/d3/-/d3-7.0.0.tgz",
      "integrity": "sha512-t+jEKGO2jQiSBLJYYq6RFc500tsCeXBB4x41oQaSnZD3Som95nQrlw9XJGrFTMUOQOkwSMauWy9+8Tz1qm9UZw==",
      "requires": {
        "d3-array": "3",
        "d3-axis": "3",
        "d3-brush": "3",
        "d3-chord": "3",
        "d3-color": "3",
        "d3-contour": "3",
        "d3-delaunay": "6",
        "d3-dispatch": "3",
        "d3-drag": "3",
        "d3-dsv": "3",
        "d3-ease": "3",
        "d3-fetch": "3",
        "d3-force": "3",
        "d3-format": "3",
        "d3-geo": "3",
        "d3-hierarchy": "3",
        "d3-interpolate": "3",
        "d3-path": "3",
        "d3-polygon": "3",
        "d3-quadtree": "3",
        "d3-random": "3",
        "d3-scale": "4",
        "d3-scale-chromatic": "3",
        "d3-selection": "3",
        "d3-shape": "3",
        "d3-time": "3",
        "d3-time-format": "4",
        "d3-timer": "3",
        "d3-transition": "3",
        "d3-zoom": "3"
      },
      "dependencies": {
        "d3-color": {
          "version": "3.0.1",
          "resolved": "https://registry.npmjs.org/d3-color/-/d3-color-3.0.1.tgz",
          "integrity": "sha512-6/SlHkDOBLyQSJ1j1Ghs82OIUXpKWlR0hCsw0XrLSQhuUPuCSmLQ1QPH98vpnQxMUQM2/gfAkUEWsupVpd9JGw=="
        },
        "d3-dispatch": {
          "version": "3.0.1",
          "resolved": "https://registry.npmjs.org/d3-dispatch/-/d3-dispatch-3.0.1.tgz",
          "integrity": "sha512-rzUyPU/S7rwUflMyLc1ETDeBj0NRuHKKAcvukozwhshr6g6c5d8zh4c2gQjY2bZ0dXeGLWc1PF174P2tVvKhfg=="
        },
        "d3-ease": {
          "version": "3.0.1",
          "resolved": "https://registry.npmjs.org/d3-ease/-/d3-ease-3.0.1.tgz",
          "integrity": "sha512-wR/XK3D3XcLIZwpbvQwQ5fK+8Ykds1ip7A2Txe0yxncXSdq1L9skcG7blcedkOX+ZcgxGAmLX1FrRGbADwzi0w=="
        },
        "d3-interpolate": {
          "version": "3.0.1",
          "resolved": "https://registry.npmjs.org/d3-interpolate/-/d3-interpolate-3.0.1.tgz",
          "integrity": "sha512-3bYs1rOD33uo8aqJfKP3JWPAibgw8Zm2+L9vBKEHJ2Rg+viTR7o5Mmv5mZcieN+FRYaAOWX5SJATX6k1PWz72g==",
          "requires": {
            "d3-color": "1 - 3"
          }
        },
        "d3-selection": {
          "version": "3.0.0",
          "resolved": "https://registry.npmjs.org/d3-selection/-/d3-selection-3.0.0.tgz",
          "integrity": "sha512-fmTRWbNMmsmWq6xJV8D19U/gw/bwrHfNXxrIN+HfZgnzqTHp9jOmKMhsTUjXOJnZOdZY9Q28y4yebKzqDKlxlQ=="
        },
        "d3-timer": {
          "version": "3.0.1",
          "resolved": "https://registry.npmjs.org/d3-timer/-/d3-timer-3.0.1.tgz",
          "integrity": "sha512-ndfJ/JxxMd3nw31uyKoY2naivF+r29V+Lc0svZxe1JvvIRmi8hUsrMvdOwgS1o6uBHmiz91geQ0ylPP0aj1VUA=="
        },
        "d3-transition": {
          "version": "3.0.1",
          "resolved": "https://registry.npmjs.org/d3-transition/-/d3-transition-3.0.1.tgz",
          "integrity": "sha512-ApKvfjsSR6tg06xrL434C0WydLr7JewBB3V+/39RMHsaXTOG0zmt/OAXeng5M5LBm0ojmxJrpomQVZ1aPvBL4w==",
          "requires": {
            "d3-color": "1 - 3",
            "d3-dispatch": "1 - 3",
            "d3-ease": "1 - 3",
            "d3-interpolate": "1 - 3",
            "d3-timer": "1 - 3"
          }
        }
      }
    },
    "d3-array": {
      "version": "3.0.1",
      "resolved": "https://registry.npmjs.org/d3-array/-/d3-array-3.0.1.tgz",
      "integrity": "sha512-l3Bh5o8RSoC3SBm5ix6ogaFW+J6rOUm42yOtZ2sQPCEvCqUMepeX7zgrlLLGIemxgOyo9s2CsWEidnLv5PwwRw==",
      "requires": {
        "internmap": "1 - 2"
      }
    },
    "d3-axis": {
      "version": "3.0.0",
      "resolved": "https://registry.npmjs.org/d3-axis/-/d3-axis-3.0.0.tgz",
      "integrity": "sha512-IH5tgjV4jE/GhHkRV0HiVYPDtvfjHQlQfJHs0usq7M30XcSBvOotpmH1IgkcXsO/5gEQZD43B//fc7SRT5S+xw=="
    },
    "d3-brush": {
      "version": "3.0.0",
      "resolved": "https://registry.npmjs.org/d3-brush/-/d3-brush-3.0.0.tgz",
      "integrity": "sha512-ALnjWlVYkXsVIGlOsuWH1+3udkYFI48Ljihfnh8FZPF2QS9o+PzGLBslO0PjzVoHLZ2KCVgAM8NVkXPJB2aNnQ==",
      "requires": {
        "d3-dispatch": "1 - 3",
        "d3-drag": "2 - 3",
        "d3-interpolate": "1 - 3",
        "d3-selection": "3",
        "d3-transition": "3"
      },
      "dependencies": {
        "d3-selection": {
          "version": "3.0.0",
          "resolved": "https://registry.npmjs.org/d3-selection/-/d3-selection-3.0.0.tgz",
          "integrity": "sha512-fmTRWbNMmsmWq6xJV8D19U/gw/bwrHfNXxrIN+HfZgnzqTHp9jOmKMhsTUjXOJnZOdZY9Q28y4yebKzqDKlxlQ=="
        },
        "d3-transition": {
          "version": "3.0.1",
          "resolved": "https://registry.npmjs.org/d3-transition/-/d3-transition-3.0.1.tgz",
          "integrity": "sha512-ApKvfjsSR6tg06xrL434C0WydLr7JewBB3V+/39RMHsaXTOG0zmt/OAXeng5M5LBm0ojmxJrpomQVZ1aPvBL4w==",
          "requires": {
            "d3-color": "1 - 3",
            "d3-dispatch": "1 - 3",
            "d3-ease": "1 - 3",
            "d3-interpolate": "1 - 3",
            "d3-timer": "1 - 3"
          }
        }
      }
    },
    "d3-chord": {
      "version": "3.0.1",
      "resolved": "https://registry.npmjs.org/d3-chord/-/d3-chord-3.0.1.tgz",
      "integrity": "sha512-VE5S6TNa+j8msksl7HwjxMHDM2yNK3XCkusIlpX5kwauBfXuyLAtNg9jCp/iHH61tgI4sb6R/EIMWCqEIdjT/g==",
      "requires": {
        "d3-path": "1 - 3"
      }
    },
    "d3-color": {
      "version": "1.0.3",
      "resolved": "https://registry.npmjs.org/d3-color/-/d3-color-1.0.3.tgz",
      "integrity": "sha1-vHZD/KjlOoNH4vva/6I2eWtYUJs="
    },
    "d3-contour": {
      "version": "3.0.1",
      "resolved": "https://registry.npmjs.org/d3-contour/-/d3-contour-3.0.1.tgz",
      "integrity": "sha512-0Oc4D0KyhwhM7ZL0RMnfGycLN7hxHB8CMmwZ3+H26PWAG0ozNuYG5hXSDNgmP1SgJkQMrlG6cP20HoaSbvcJTQ==",
      "requires": {
        "d3-array": "2 - 3"
      }
    },
    "d3-delaunay": {
      "version": "6.0.2",
      "resolved": "https://registry.npmjs.org/d3-delaunay/-/d3-delaunay-6.0.2.tgz",
      "integrity": "sha512-IMLNldruDQScrcfT+MWnazhHbDJhcRJyOEBAJfwQnHle1RPh6WDuLvxNArUju2VSMSUuKlY5BGHRJ2cYyoFLQQ==",
      "requires": {
        "delaunator": "5"
      }
    },
    "d3-dispatch": {
      "version": "1.0.3",
      "resolved": "https://registry.npmjs.org/d3-dispatch/-/d3-dispatch-1.0.3.tgz",
      "integrity": "sha1-RuFJHqqbWMNY/OW+TovtYm54cfg="
    },
    "d3-drag": {
      "version": "3.0.0",
      "resolved": "https://registry.npmjs.org/d3-drag/-/d3-drag-3.0.0.tgz",
      "integrity": "sha512-pWbUJLdETVA8lQNJecMxoXfH6x+mO2UQo8rSmZ+QqxcbyA3hfeprFgIT//HW2nlHChWeIIMwS2Fq+gEARkhTkg==",
      "requires": {
        "d3-dispatch": "1 - 3",
        "d3-selection": "3"
      },
      "dependencies": {
        "d3-selection": {
          "version": "3.0.0",
          "resolved": "https://registry.npmjs.org/d3-selection/-/d3-selection-3.0.0.tgz",
          "integrity": "sha512-fmTRWbNMmsmWq6xJV8D19U/gw/bwrHfNXxrIN+HfZgnzqTHp9jOmKMhsTUjXOJnZOdZY9Q28y4yebKzqDKlxlQ=="
        }
      }
    },
    "d3-dsv": {
      "version": "3.0.1",
      "resolved": "https://registry.npmjs.org/d3-dsv/-/d3-dsv-3.0.1.tgz",
      "integrity": "sha512-UG6OvdI5afDIFP9w4G0mNq50dSOsXHJaRE8arAS5o9ApWnIElp8GZw1Dun8vP8OyHOZ/QJUKUJwxiiCCnUwm+Q==",
      "requires": {
        "commander": "7",
        "iconv-lite": "0.6",
        "rw": "1"
      }
    },
    "d3-ease": {
      "version": "1.0.3",
      "resolved": "https://registry.npmjs.org/d3-ease/-/d3-ease-1.0.3.tgz",
      "integrity": "sha1-aL+8NJM4o4DETYrMT7wzBKotjA4="
    },
    "d3-fetch": {
      "version": "3.0.1",
      "resolved": "https://registry.npmjs.org/d3-fetch/-/d3-fetch-3.0.1.tgz",
      "integrity": "sha512-kpkQIM20n3oLVBKGg6oHrUchHM3xODkTzjMoj7aWQFq5QEM+R6E4WkzT5+tojDY7yjez8KgCBRoj4aEr99Fdqw==",
      "requires": {
        "d3-dsv": "1 - 3"
      }
    },
    "d3-force": {
      "version": "3.0.0",
      "resolved": "https://registry.npmjs.org/d3-force/-/d3-force-3.0.0.tgz",
      "integrity": "sha512-zxV/SsA+U4yte8051P4ECydjD/S+qeYtnaIyAs9tgHCqfguma/aAQDjo85A9Z6EKhBirHRJHXIgJUlffT4wdLg==",
      "requires": {
        "d3-dispatch": "1 - 3",
        "d3-quadtree": "1 - 3",
        "d3-timer": "1 - 3"
      }
    },
    "d3-format": {
      "version": "3.0.1",
      "resolved": "https://registry.npmjs.org/d3-format/-/d3-format-3.0.1.tgz",
      "integrity": "sha512-hdL7+HBIohpgfolhBxr1KX47VMD6+vVD/oEFrxk5yhmzV2prk99EkFKYpXuhVkFpTgHdJ6/4bYcjdLPPXV4tIA=="
    },
    "d3-geo": {
      "version": "3.0.1",
      "resolved": "https://registry.npmjs.org/d3-geo/-/d3-geo-3.0.1.tgz",
      "integrity": "sha512-Wt23xBych5tSy9IYAM1FR2rWIBFWa52B/oF/GYe5zbdHrg08FU8+BuI6X4PvTwPDdqdAdq04fuWJpELtsaEjeA==",
      "requires": {
        "d3-array": "2.5.0 - 3"
      }
    },
    "d3-hierarchy": {
      "version": "3.0.1",
      "resolved": "https://registry.npmjs.org/d3-hierarchy/-/d3-hierarchy-3.0.1.tgz",
      "integrity": "sha512-RlLTaofEoOrMK1JoXYIGhKTkJFI/6rFrYPgxy6QlZo2BcVc4HGTqEU0rPpzuMq5T/5XcMtAzv1XiLA3zRTfygw=="
    },
    "d3-interpolate": {
      "version": "1.1.6",
      "resolved": "https://registry.npmjs.org/d3-interpolate/-/d3-interpolate-1.1.6.tgz",
      "integrity": "sha512-mOnv5a+pZzkNIHtw/V6I+w9Lqm9L5bG3OTXPM5A+QO0yyVMQ4W1uZhR+VOJmazaOZXri2ppbiZ5BUNWT0pFM9A==",
      "requires": {
        "d3-color": "1"
      }
    },
    "d3-path": {
      "version": "3.0.1",
      "resolved": "https://registry.npmjs.org/d3-path/-/d3-path-3.0.1.tgz",
      "integrity": "sha512-gq6gZom9AFZby0YLduxT1qmrp4xpBA1YZr19OI717WIdKE2OM5ETq5qrHLb301IgxhLwcuxvGZVLeeWc/k1I6w=="
    },
    "d3-polygon": {
      "version": "3.0.1",
      "resolved": "https://registry.npmjs.org/d3-polygon/-/d3-polygon-3.0.1.tgz",
      "integrity": "sha512-3vbA7vXYwfe1SYhED++fPUQlWSYTTGmFmQiany/gdbiWgU/iEyQzyymwL9SkJjFFuCS4902BSzewVGsHHmHtXg=="
    },
    "d3-quadtree": {
      "version": "3.0.1",
      "resolved": "https://registry.npmjs.org/d3-quadtree/-/d3-quadtree-3.0.1.tgz",
      "integrity": "sha512-04xDrxQTDTCFwP5H6hRhsRcb9xxv2RzkcsygFzmkSIOJy3PeRJP7sNk3VRIbKXcog561P9oU0/rVH6vDROAgUw=="
    },
    "d3-random": {
      "version": "3.0.1",
      "resolved": "https://registry.npmjs.org/d3-random/-/d3-random-3.0.1.tgz",
      "integrity": "sha512-FXMe9GfxTxqd5D6jFsQ+DJ8BJS4E/fT5mqqdjovykEB2oFbTMDVdg1MGFxfQW+FBOGoB++k8swBrgwSHT1cUXQ=="
    },
    "d3-scale": {
      "version": "4.0.0",
      "resolved": "https://registry.npmjs.org/d3-scale/-/d3-scale-4.0.0.tgz",
      "integrity": "sha512-foHQYKpWQcyndH1CGoHdUC4PECxTxonzwwBXGT8qu+Drb1FIc6ON6dG2P5f4hRRMkLiIKeWK7iFtdznDUrnuPQ==",
      "requires": {
        "d3-array": "2.10.0 - 3",
        "d3-format": "1 - 3",
        "d3-interpolate": "1.2.0 - 3",
        "d3-time": "2.1.1 - 3",
        "d3-time-format": "2 - 4"
      },
      "dependencies": {
        "d3-interpolate": {
          "version": "3.0.1",
          "resolved": "https://registry.npmjs.org/d3-interpolate/-/d3-interpolate-3.0.1.tgz",
          "integrity": "sha512-3bYs1rOD33uo8aqJfKP3JWPAibgw8Zm2+L9vBKEHJ2Rg+viTR7o5Mmv5mZcieN+FRYaAOWX5SJATX6k1PWz72g==",
          "requires": {
            "d3-color": "1 - 3"
          }
        }
      }
    },
    "d3-scale-chromatic": {
      "version": "3.0.0",
      "resolved": "https://registry.npmjs.org/d3-scale-chromatic/-/d3-scale-chromatic-3.0.0.tgz",
      "integrity": "sha512-Lx9thtxAKrO2Pq6OO2Ua474opeziKr279P/TKZsMAhYyNDD3EnCffdbgeSYN5O7m2ByQsxtuP2CSDczNUIZ22g==",
      "requires": {
        "d3-color": "1 - 3",
        "d3-interpolate": "1 - 3"
      }
    },
    "d3-selection": {
      "version": "1.3.0",
      "resolved": "https://registry.npmjs.org/d3-selection/-/d3-selection-1.3.0.tgz",
      "integrity": "sha512-qgpUOg9tl5CirdqESUAu0t9MU/t3O9klYfGfyKsXEmhyxyzLpzpeh08gaxBUTQw1uXIOkr/30Ut2YRjSSxlmHA=="
    },
    "d3-selection-multi": {
      "version": "1.0.1",
      "resolved": "https://registry.npmjs.org/d3-selection-multi/-/d3-selection-multi-1.0.1.tgz",
      "integrity": "sha1-zWwlQT0EosuXRw54byzYd/PjT1g=",
      "requires": {
        "d3-selection": "1",
        "d3-transition": "1"
      }
    },
    "d3-shape": {
      "version": "3.0.1",
      "resolved": "https://registry.npmjs.org/d3-shape/-/d3-shape-3.0.1.tgz",
      "integrity": "sha512-HNZNEQoDhuCrDWEc/BMbF/hKtzMZVoe64TvisFLDp2Iyj0UShB/E6/lBsLlJTfBMbYgftHj90cXJ0SEitlE6Xw==",
      "requires": {
        "d3-path": "1 - 3"
      }
    },
    "d3-time": {
      "version": "3.0.0",
      "resolved": "https://registry.npmjs.org/d3-time/-/d3-time-3.0.0.tgz",
      "integrity": "sha512-zmV3lRnlaLI08y9IMRXSDshQb5Nj77smnfpnd2LrBa/2K281Jijactokeak14QacHs/kKq0AQ121nidNYlarbQ==",
      "requires": {
        "d3-array": "2 - 3"
      }
    },
    "d3-time-format": {
      "version": "4.0.0",
      "resolved": "https://registry.npmjs.org/d3-time-format/-/d3-time-format-4.0.0.tgz",
      "integrity": "sha512-nzaCwlj+ZVBIlFuVOT1RmU+6xb/7D5IcnhHzHQcBgS/aTa5K9fWZNN5LCXA27LgF5WxoSNJqKBbLcGMtM6Ca6A==",
      "requires": {
        "d3-time": "1 - 3"
      }
    },
    "d3-timer": {
      "version": "1.0.7",
      "resolved": "https://registry.npmjs.org/d3-timer/-/d3-timer-1.0.7.tgz",
      "integrity": "sha512-vMZXR88XujmG/L5oB96NNKH5lCWwiLM/S2HyyAQLcjWJCloK5shxta4CwOFYLZoY3AWX73v8Lgv4cCAdWtRmOA=="
    },
    "d3-transition": {
      "version": "1.1.1",
      "resolved": "https://registry.npmjs.org/d3-transition/-/d3-transition-1.1.1.tgz",
      "integrity": "sha512-xeg8oggyQ+y5eb4J13iDgKIjUcEfIOZs2BqV/eEmXm2twx80wTzJ4tB4vaZ5BKfz7XsI/DFmQL5me6O27/5ykQ==",
      "requires": {
        "d3-color": "1",
        "d3-dispatch": "1",
        "d3-ease": "1",
        "d3-interpolate": "1",
        "d3-selection": "^1.1.0",
        "d3-timer": "1"
      }
    },
    "d3-zoom": {
      "version": "3.0.0",
      "resolved": "https://registry.npmjs.org/d3-zoom/-/d3-zoom-3.0.0.tgz",
      "integrity": "sha512-b8AmV3kfQaqWAuacbPuNbL6vahnOJflOhexLzMMNLga62+/nh0JzvJ0aO/5a5MVgUFGS7Hu1P9P03o3fJkDCyw==",
      "requires": {
        "d3-dispatch": "1 - 3",
        "d3-drag": "2 - 3",
        "d3-interpolate": "1 - 3",
        "d3-selection": "2 - 3",
        "d3-transition": "2 - 3"
      },
      "dependencies": {
        "d3-selection": {
          "version": "3.0.0",
          "resolved": "https://registry.npmjs.org/d3-selection/-/d3-selection-3.0.0.tgz",
          "integrity": "sha512-fmTRWbNMmsmWq6xJV8D19U/gw/bwrHfNXxrIN+HfZgnzqTHp9jOmKMhsTUjXOJnZOdZY9Q28y4yebKzqDKlxlQ=="
        },
        "d3-transition": {
          "version": "3.0.1",
          "resolved": "https://registry.npmjs.org/d3-transition/-/d3-transition-3.0.1.tgz",
          "integrity": "sha512-ApKvfjsSR6tg06xrL434C0WydLr7JewBB3V+/39RMHsaXTOG0zmt/OAXeng5M5LBm0ojmxJrpomQVZ1aPvBL4w==",
          "requires": {
            "d3-color": "1 - 3",
            "d3-dispatch": "1 - 3",
            "d3-ease": "1 - 3",
            "d3-interpolate": "1 - 3",
            "d3-timer": "1 - 3"
          }
        }
      }
    },
    "delaunator": {
      "version": "5.0.0",
      "resolved": "https://registry.npmjs.org/delaunator/-/delaunator-5.0.0.tgz",
      "integrity": "sha512-AyLvtyJdbv/U1GkiS6gUUzclRoAY4Gs75qkMygJJhU75LW4DNuSF2RMzpxs9jw9Oz1BobHjTdkG3zdP55VxAqw==",
      "requires": {
        "robust-predicates": "^3.0.0"
      }
    },
    "ev-emitter": {
      "version": "1.1.1",
      "resolved": "https://registry.npmjs.org/ev-emitter/-/ev-emitter-1.1.1.tgz",
      "integrity": "sha512-ipiDYhdQSCZ4hSbX4rMW+XzNKMD1prg/sTvoVmSLkuQ1MVlwjJQQA+sW8tMYR3BLUr9KjodFV4pvzunvRhd33Q=="
    },
    "font-awesome": {
      "version": "4.7.0",
      "resolved": "https://registry.npmjs.org/font-awesome/-/font-awesome-4.7.0.tgz",
      "integrity": "sha1-j6jPBBGhoxr9B7BtKQK7n8gVoTM="
    },
    "has-color": {
      "version": "0.1.7",
      "resolved": "https://registry.npmjs.org/has-color/-/has-color-0.1.7.tgz",
      "integrity": "sha1-ZxRKUmDDT8PMpnfQQdr1L+e3iy8="
    },
    "iconv-lite": {
      "version": "0.6.3",
      "resolved": "https://registry.npmjs.org/iconv-lite/-/iconv-lite-0.6.3.tgz",
      "integrity": "sha512-4fCk79wshMdzMp2rH06qWrJE4iolqLhCUH+OiuIgU++RB0+94NlDL81atO7GX55uUKueo0txHNtvEyI6D7WdMw==",
      "requires": {
        "safer-buffer": ">= 2.1.2 < 3.0.0"
      }
    },
    "imagesloaded": {
      "version": "4.1.4",
      "resolved": "https://registry.npmjs.org/imagesloaded/-/imagesloaded-4.1.4.tgz",
      "integrity": "sha512-ltiBVcYpc/TYTF5nolkMNsnREHW+ICvfQ3Yla2Sgr71YFwQ86bDwV9hgpFhFtrGPuwEx5+LqOHIrdXBdoWwwsA==",
      "requires": {
        "ev-emitter": "^1.0.0"
      }
    },
    "internmap": {
      "version": "2.0.1",
      "resolved": "https://registry.npmjs.org/internmap/-/internmap-2.0.1.tgz",
      "integrity": "sha512-Ujwccrj9FkGqjbY3iVoxD1VV+KdZZeENx0rphrtzmRXbFvkFO88L80BL/zeSIguX/7T+y8k04xqtgWgS5vxwxw=="
    },
    "jquery": {
      "version": "3.5.1",
      "resolved": "https://registry.npmjs.org/jquery/-/jquery-3.5.1.tgz",
      "integrity": "sha512-XwIBPqcMn57FxfT+Go5pzySnm4KWkT1Tv7gjrpT1srtf8Weynl6R273VJ5GjkRb51IzMp5nbaPjJXMWeju2MKg=="
    },
    "jquery-form": {
      "version": "3.50.0",
      "resolved": "https://registry.npmjs.org/jquery-form/-/jquery-form-3.50.0.tgz",
      "integrity": "sha1-18lptR4JThLaaZHrYf9a8l9ZeY8=",
      "requires": {
        "jquery": ">=1.5"
      }
    },
    "jquery-minicolors": {
      "version": "2.1.10",
      "resolved": "https://registry.npmjs.org/jquery-minicolors/-/jquery-minicolors-2.1.10.tgz",
      "integrity": "sha1-sp7qVB2aMrTiaSMWj7LBYnGGc3k=",
      "requires": {
        "jquery": ">= 1.7.x"
      }
    },
    "jquery-ui": {
      "version": "1.12.1",
      "resolved": "https://registry.npmjs.org/jquery-ui/-/jquery-ui-1.12.1.tgz",
      "integrity": "sha1-vLQEXI3QU5wTS8FIjN0+dop6nlE="
    },
    "jquery-ui-dist": {
      "version": "1.12.1",
      "resolved": "https://registry.npmjs.org/jquery-ui-dist/-/jquery-ui-dist-1.12.1.tgz",
      "integrity": "sha1-XAgV08xvkP9fqvWyaKbiO0ypBPo="
    },
    "jsonlint": {
      "version": "1.6.2",
      "resolved": "https://registry.npmjs.org/jsonlint/-/jsonlint-1.6.2.tgz",
      "integrity": "sha1-VzcEUIX1XrRVxosf9OvAG9UOiDA=",
      "requires": {
        "JSV": ">= 4.0.x",
        "nomnom": ">= 1.5.x"
      }
    },
    "lodash-core": {
      "version": "4.17.19",
      "resolved": "https://registry.npmjs.org/lodash-core/-/lodash-core-4.17.19.tgz",
      "integrity": "sha512-FpSbOooU9HcASpL7oJ/ZQGxR7oGzeqlVe1M/iAhnUMTk7eMJBkszS5tUPZCnRtNGPWe8ChswdByFTzW58iGQEQ=="
    },
    "moment": {
      "version": "2.24.0",
      "resolved": "https://registry.npmjs.org/moment/-/moment-2.24.0.tgz",
      "integrity": "sha512-bV7f+6l2QigeBBZSM/6yTNq4P2fNpSWj/0e7jQcy87A8e7o2nAfP/34/2ky5Vw4B9S446EtIhodAzkFCcR4dQg=="
    },
    "nomnom": {
      "version": "1.8.1",
      "resolved": "https://registry.npmjs.org/nomnom/-/nomnom-1.8.1.tgz",
      "integrity": "sha1-IVH3Ikcrp55Qp2/BJbuMjy5Nwqc=",
      "requires": {
        "chalk": "~0.4.0",
        "underscore": "~1.6.0"
      }
    },
    "qtip2": {
      "version": "3.0.3",
      "resolved": "https://registry.npmjs.org/qtip2/-/qtip2-3.0.3.tgz",
      "integrity": "sha1-ffCIrkQSwkpAZN5p6CTLPPdiENw=",
      "requires": {
        "imagesloaded": ">=3.0.0",
        "jquery": ">=1.6.0"
      }
    },
    "reset.css": {
      "version": "2.0.2",
      "resolved": "https://registry.npmjs.org/reset.css/-/reset.css-2.0.2.tgz",
      "integrity": "sha1-nAEwnIILcujyGevMjhQRlJYE99c="
    },
    "robust-predicates": {
      "version": "3.0.1",
      "resolved": "https://registry.npmjs.org/robust-predicates/-/robust-predicates-3.0.1.tgz",
      "integrity": "sha512-ndEIpszUHiG4HtDsQLeIuMvRsDnn8c8rYStabochtUeCvfuvNptb5TUbVD68LRAILPX7p9nqQGh4xJgn3EHS/g=="
    },
    "rw": {
      "version": "1.3.3",
      "resolved": "https://registry.npmjs.org/rw/-/rw-1.3.3.tgz",
      "integrity": "sha1-P4Yt+pGrdmsUiF700BEkv9oHT7Q="
    },
    "safer-buffer": {
      "version": "2.1.2",
      "resolved": "https://registry.npmjs.org/safer-buffer/-/safer-buffer-2.1.2.tgz",
      "integrity": "sha512-YZo3K82SD7Riyi0E1EQPojLz7kpepnSQI9IyPbHHg1XXXevb5dJI7tpyN2ADxGcQbHG7vcyRHk0cbwqcQriUtg=="
    },
    "slickgrid": {
      "version": "2.4.27",
      "resolved": "https://registry.npmjs.org/slickgrid/-/slickgrid-2.4.27.tgz",
      "integrity": "sha512-YnQXR0oww1ZpUtbsD/IdX+ydsxo8/fSEH5uMewQj2OooCoF/rsN8lrOqHFqqE8/Ob1NqXiVWMrWcO2Oqyyo/Ag==",
      "requires": {
        "jquery": ">=1.8.0",
        "jquery-ui": ">=1.8.0"
      }
    },
    "strip-ansi": {
      "version": "0.1.1",
      "resolved": "https://registry.npmjs.org/strip-ansi/-/strip-ansi-0.1.1.tgz",
      "integrity": "sha1-OeipjQRNFQZgq+SmgIrPcLt7yZE="
    },
    "underscore": {
      "version": "1.6.0",
      "resolved": "https://registry.npmjs.org/underscore/-/underscore-1.6.0.tgz",
      "integrity": "sha1-izixDKze9jM3uLJOT/htRa6lKag="
    },
    "url-search-params": {
      "version": "0.6.1",
      "resolved": "https://registry.npmjs.org/url-search-params/-/url-search-params-0.6.1.tgz",
      "integrity": "sha1-Ott4WLgH1WuB56vzudrkl4wD+Z0="
    }
  }
}
